
Microsoft Visual Studio Solution File, Format Version 12.00
# Visual Studio 2015
Project("{FAE04EC0-301F-11D3-BF4B-00C04F79EFBC}") = "Zabuton.CSharp", "Zabuton.CSharp.csproj", "{8759EDA2-0F3D-ADF7-17F9-7D03A559BA1E}"
EndProject
Global
	GlobalSection(SolutionConfigurationPlatforms) = preSolution
		Debug|Any CPU = Debug|Any CPU
		Release|Any CPU = Release|Any CPU
	EndGlobalSection
	GlobalSection(ProjectConfigurationPlatforms) = postSolution
		{8759EDA2-0F3D-ADF7-17F9-7D03A559BA1E}.Debug|Any CPU.ActiveCfg = Debug|Any CPU
		{8759EDA2-0F3D-ADF7-17F9-7D03A559BA1E}.Debug|Any CPU.Build.0 = Debug|Any CPU
		{8759EDA2-0F3D-ADF7-17F9-7D03A559BA1E}.Release|Any CPU.ActiveCfg = Release|Any CPU
		{8759EDA2-0F3D-ADF7-17F9-7D03A559BA1E}.Release|Any CPU.Build.0 = Release|Any CPU
	EndGlobalSection
	GlobalSection(SolutionProperties) = preSolution
		HideSolutionNode = FALSE
	EndGlobalSection
EndGlobal
